
Microsoft Visual Studio Solution File, Format Version 12.00
# Visual Studio Version 16
VisualStudioVersion = 16.0.32630.194
MinimumVisualStudioVersion = 10.0.40219.1
Project("{FAE04EC0-301F-11D3-BF4B-00C04F79EFBC}") = "Ip", "Ip\Ip.csproj", "{36142161-CE6B-449A-BADE-4EE956F0AD61}"
EndProject
Global
	GlobalSection(SolutionConfigurationPlatforms) = preSolution
		Debug|Any CPU = Debug|Any CPU
		Release|Any CPU = Release|Any CPU
	EndGlobalSection
	GlobalSection(ProjectConfigurationPlatforms) = postSolution
		{36142161-CE6B-449A-BADE-4EE956F0AD61}.Debug|Any CPU.ActiveCfg = Debug|Any CPU
		{36142161-CE6B-449A-BADE-4EE956F0AD61}.Debug|Any CPU.Build.0 = Debug|Any CPU
		{36142161-CE6B-449A-BADE-4EE956F0AD61}.Release|Any CPU.ActiveCfg = Release|Any CPU
		{36142161-CE6B-449A-BADE-4EE956F0AD61}.Release|Any CPU.Build.0 = Release|Any CPU
	EndGlobalSection
	GlobalSection(SolutionProperties) = preSolution
		HideSolutionNode = FALSE
	EndGlobalSection
	GlobalSection(ExtensibilityGlobals) = postSolution
		SolutionGuid = {8BE3D5F9-198D-4F29-AEC9-BB40F551770D}
	EndGlobalSection
EndGlobal
